
Microsoft Visual Studio Solution File, Format Version 12.00
# Visual Studio Version 17
VisualStudioVersion = 17.5.33516.290
MinimumVisualStudioVersion = 10.0.40219.1
Project("{2150E333-8FDC-42A3-9474-1A3956D46DE8}") = "1.Shared", "1.Shared", "{DDE298E1-8E20-42D8-ACFD-A02C53949D06}"
EndProject
Project("{2150E333-8FDC-42A3-9474-1A3956D46DE8}") = "2.Domain", "2.Domain", "{52310FE7-C9A1-4A7C-B899-F8F3E2E9599F}"
EndProject
Project("{2150E333-8FDC-42A3-9474-1A3956D46DE8}") = "3.Infrastructure", "3.Infrastructure", "{9859137B-E364-427D-8A1A-DCDC3C2F2A85}"
EndProject
Project("{2150E333-8FDC-42A3-9474-1A3956D46DE8}") = "4.Hosts", "4.Hosts", "{5B2F35C1-D260-4CF9-AB88-7F6901D24B64}"
EndProject
Project("{2150E333-8FDC-42A3-9474-1A3956D46DE8}") = "Docs", "Docs", "{FF8870F4-883C-4532-8AB2-AA82C4D78181}"
EndProject
Project("{FAE04EC0-301F-11D3-BF4B-00C04F79EFBC}") = "BaseSource.Shared", "BaseSource.Shared\BaseSource.Shared.csproj", "{49F45A38-C7D1-44E2-917E-889076614A31}"
EndProject
Project("{FAE04EC0-301F-11D3-BF4B-00C04F79EFBC}") = "BaseSource.ViewModels", "BaseSource.ViewModels\BaseSource.ViewModels.csproj", "{035F4032-83C6-4B23-A045-C2A01DBA5A60}"
EndProject
Project("{FAE04EC0-301F-11D3-BF4B-00C04F79EFBC}") = "BaseSource.Data", "BaseSource.Data\BaseSource.Data.csproj", "{4E73422C-D098-4CD0-8FD4-BDCAA727C781}"
EndProject
Project("{2150E333-8FDC-42A3-9474-1A3956D46DE8}") = "Exceptions", "Exceptions", "{847CE60D-8FC0-480B-84D1-7D9404F4B05D}"
EndProject
Project("{2150E333-8FDC-42A3-9474-1A3956D46DE8}") = "Extensions", "Extensions", "{56FDE911-B325-4D01-87EF-6EA0CE7FD26B}"
EndProject
Project("{2150E333-8FDC-42A3-9474-1A3956D46DE8}") = "Library", "Library", "{507FBC30-0BC1-4C8D-B7B5-CA356E86E3D0}"
EndProject
Project("{2150E333-8FDC-42A3-9474-1A3956D46DE8}") = "Services", "Services", "{E2D1C14E-7A67-4CE8-A3AE-8C4C70E9C291}"
EndProject
Project("{2150E333-8FDC-42A3-9474-1A3956D46DE8}") = "API", "API", "{6F223668-8A9D-4C77-8CE8-A8E636668A8A}"
EndProject
Project("{2150E333-8FDC-42A3-9474-1A3956D46DE8}") = "WebUI", "WebUI", "{2CB7EF2F-4C76-4F4D-BA36-8A871D19D3D1}"
EndProject
Project("{FAE04EC0-301F-11D3-BF4B-00C04F79EFBC}") = "BaseSource.API", "BaseSource.API\BaseSource.API.csproj", "{CC45425E-6B39-4CE4-B22C-384CAA9F5230}"
EndProject
Project("{FAE04EC0-301F-11D3-BF4B-00C04F79EFBC}") = "BaseSource.ApiIntegration", "BaseSource.ApiIntegration\BaseSource.ApiIntegration.csproj", "{E6481D21-8098-4411-8B2F-A195EF3D4E86}"
EndProject
Project("{FAE04EC0-301F-11D3-BF4B-00C04F79EFBC}") = "BaseSource.AppUI", "BaseSource.AppUI\BaseSource.AppUI.csproj", "{BDACF8A0-8A14-4468-A12D-6D680C945A32}"
EndProject
Project("{FAE04EC0-301F-11D3-BF4B-00C04F79EFBC}") = "BaseSource.Services", "BaseSource.Services\BaseSource.Services.csproj", "{8A3FC7CF-8E6B-40AC-9733-EBC075142AB2}"
EndProject
Global
	GlobalSection(SolutionConfigurationPlatforms) = preSolution
		Debug|Any CPU = Debug|Any CPU
		Release|Any CPU = Release|Any CPU
	EndGlobalSection
	GlobalSection(ProjectConfigurationPlatforms) = postSolution
		{49F45A38-C7D1-44E2-917E-889076614A31}.Debug|Any CPU.ActiveCfg = Debug|Any CPU
		{49F45A38-C7D1-44E2-917E-889076614A31}.Debug|Any CPU.Build.0 = Debug|Any CPU
		{49F45A38-C7D1-44E2-917E-889076614A31}.Release|Any CPU.ActiveCfg = Release|Any CPU
		{49F45A38-C7D1-44E2-917E-889076614A31}.Release|Any CPU.Build.0 = Release|Any CPU
		{035F4032-83C6-4B23-A045-C2A01DBA5A60}.Debug|Any CPU.ActiveCfg = Debug|Any CPU
		{035F4032-83C6-4B23-A045-C2A01DBA5A60}.Debug|Any CPU.Build.0 = Debug|Any CPU
		{035F4032-83C6-4B23-A045-C2A01DBA5A60}.Release|Any CPU.ActiveCfg = Release|Any CPU
		{035F4032-83C6-4B23-A045-C2A01DBA5A60}.Release|Any CPU.Build.0 = Release|Any CPU
		{4E73422C-D098-4CD0-8FD4-BDCAA727C781}.Debug|Any CPU.ActiveCfg = Debug|Any CPU
		{4E73422C-D098-4CD0-8FD4-BDCAA727C781}.Debug|Any CPU.Build.0 = Debug|Any CPU
		{4E73422C-D098-4CD0-8FD4-BDCAA727C781}.Release|Any CPU.ActiveCfg = Release|Any CPU
		{4E73422C-D098-4CD0-8FD4-BDCAA727C781}.Release|Any CPU.Build.0 = Release|Any CPU
		{CC45425E-6B39-4CE4-B22C-384CAA9F5230}.Debug|Any CPU.ActiveCfg = Debug|Any CPU
		{CC45425E-6B39-4CE4-B22C-384CAA9F5230}.Debug|Any CPU.Build.0 = Debug|Any CPU
		{CC45425E-6B39-4CE4-B22C-384CAA9F5230}.Release|Any CPU.ActiveCfg = Release|Any CPU
		{CC45425E-6B39-4CE4-B22C-384CAA9F5230}.Release|Any CPU.Build.0 = Release|Any CPU
		{E6481D21-8098-4411-8B2F-A195EF3D4E86}.Debug|Any CPU.ActiveCfg = Debug|Any CPU
		{E6481D21-8098-4411-8B2F-A195EF3D4E86}.Debug|Any CPU.Build.0 = Debug|Any CPU
		{E6481D21-8098-4411-8B2F-A195EF3D4E86}.Release|Any CPU.ActiveCfg = Release|Any CPU
		{E6481D21-8098-4411-8B2F-A195EF3D4E86}.Release|Any CPU.Build.0 = Release|Any CPU
		{BDACF8A0-8A14-4468-A12D-6D680C945A32}.Debug|Any CPU.ActiveCfg = Debug|Any CPU
		{BDACF8A0-8A14-4468-A12D-6D680C945A32}.Debug|Any CPU.Build.0 = Debug|Any CPU
		{BDACF8A0-8A14-4468-A12D-6D680C945A32}.Release|Any CPU.ActiveCfg = Release|Any CPU
		{BDACF8A0-8A14-4468-A12D-6D680C945A32}.Release|Any CPU.Build.0 = Release|Any CPU
		{8A3FC7CF-8E6B-40AC-9733-EBC075142AB2}.Debug|Any CPU.ActiveCfg = Debug|Any CPU
		{8A3FC7CF-8E6B-40AC-9733-EBC075142AB2}.Debug|Any CPU.Build.0 = Debug|Any CPU
		{8A3FC7CF-8E6B-40AC-9733-EBC075142AB2}.Release|Any CPU.ActiveCfg = Release|Any CPU
		{8A3FC7CF-8E6B-40AC-9733-EBC075142AB2}.Release|Any CPU.Build.0 = Release|Any CPU
	EndGlobalSection
	GlobalSection(SolutionProperties) = preSolution
		HideSolutionNode = FALSE
	EndGlobalSection
	GlobalSection(NestedProjects) = preSolution
		{49F45A38-C7D1-44E2-917E-889076614A31} = {DDE298E1-8E20-42D8-ACFD-A02C53949D06}
		{035F4032-83C6-4B23-A045-C2A01DBA5A60} = {DDE298E1-8E20-42D8-ACFD-A02C53949D06}
		{4E73422C-D098-4CD0-8FD4-BDCAA727C781} = {52310FE7-C9A1-4A7C-B899-F8F3E2E9599F}
		{847CE60D-8FC0-480B-84D1-7D9404F4B05D} = {9859137B-E364-427D-8A1A-DCDC3C2F2A85}
		{56FDE911-B325-4D01-87EF-6EA0CE7FD26B} = {9859137B-E364-427D-8A1A-DCDC3C2F2A85}
		{507FBC30-0BC1-4C8D-B7B5-CA356E86E3D0} = {9859137B-E364-427D-8A1A-DCDC3C2F2A85}
		{E2D1C14E-7A67-4CE8-A3AE-8C4C70E9C291} = {9859137B-E364-427D-8A1A-DCDC3C2F2A85}
		{6F223668-8A9D-4C77-8CE8-A8E636668A8A} = {5B2F35C1-D260-4CF9-AB88-7F6901D24B64}
		{2CB7EF2F-4C76-4F4D-BA36-8A871D19D3D1} = {5B2F35C1-D260-4CF9-AB88-7F6901D24B64}
		{CC45425E-6B39-4CE4-B22C-384CAA9F5230} = {6F223668-8A9D-4C77-8CE8-A8E636668A8A}
		{E6481D21-8098-4411-8B2F-A195EF3D4E86} = {2CB7EF2F-4C76-4F4D-BA36-8A871D19D3D1}
		{BDACF8A0-8A14-4468-A12D-6D680C945A32} = {2CB7EF2F-4C76-4F4D-BA36-8A871D19D3D1}
		{8A3FC7CF-8E6B-40AC-9733-EBC075142AB2} = {E2D1C14E-7A67-4CE8-A3AE-8C4C70E9C291}
	EndGlobalSection
	GlobalSection(ExtensibilityGlobals) = postSolution
		SolutionGuid = {636C7DC0-8F18-42AE-BCFD-6A4236D7746E}
	EndGlobalSection
EndGlobal
